# Generated by buf. DO NOT EDIT.
version: v2
deps:
  - name: demo.buf.dev/bufbuild/confluent
    commit: 12f52fdd833847bf85ec7b9c8cf41074
    digest: b5:874a7d1caa457939d815d93fe322707402e436ff1aeac04716182836832b125adf6378b144e9beeb10ccdb196f627d72d1460825e98d3e9f171192e23c17c775
  - name: demo.buf.dev/bufbuild/protovalidate
    commit: fec0a55454344f4a9741e4527ec929bc
    digest: b5:0f2dc6c9453e9cc9e9f36807aaa5f94022e837d91fef4dcaeed79a35c0843cc64eba28ff077aab24da3b2cb12639ad256246f9f9a36c033b99d5754b19996b7e
