# Generated by buf. DO NOT EDIT.
version: v2
deps:
  - name: buf.build/bufbuild/confluent
    commit: 65369e65bbcd4715989b6fbe53cb8a71
    digest: b5:4c002e10c90c1b84be15e7f1f95508ad07499225faf79305f9e03bd7b0dc174e5720b6f3762e30dee4d703cba4c7522c4242b58770c28c2d881c35e86dc114fb
  - name: buf.build/bufbuild/protovalidate
    commit: 5a7b106cbb87462d9a8c9ffecdbd2e38
    digest: b5:0f2dc6c9453e9cc9e9f36807aaa5f94022e837d91fef4dcaeed79a35c0843cc64eba28ff077aab24da3b2cb12639ad256246f9f9a36c033b99d5754b19996b7e
