buf.build/gen/go/bufbuild/confluent/protocolbuffers/go v1.34.2-20240610204433-9b10f756fcb8.2 h1:EqJrjpP08z3xARlDcUnE/BAWUQOrUYku8TXL1050W+I=
buf.build/gen/go/bufbuild/confluent/protocolbuffers/go v1.34.2-20240610204433-9b10f756fcb8.2/go.mod h1:kYsA0v3y6HUJ2e/f23S/daR89+KFp6m/TgmfvsR4Ofs=
buf.build/gen/go/bufbuild/protovalidate/protocolbuffers/go v1.34.2-20240508200655-46a4cf4ba109.2 h1:cFrEG/pJch6t62+jqndcPXeTNkYcztS4tBRgNkR+drw=
buf.build/gen/go/bufbuild/protovalidate/protocolbuffers/go v1.34.2-20240508200655-46a4cf4ba109.2/go.mod h1:ylS4c28ACSI59oJrOdW4pHS4n0Hw4TgSPHn8rpHl4Yw=
connectrpc.com/connect v1.16.2 h1:ybd6y+ls7GOlb7Bh5C8+ghA6SvCBajHwxssO2CGFjqE=
connectrpc.com/connect v1.16.2/go.mod h1:n2kgwskMHXC+lVqb18wngEpF95ldBHXjZYJussz5FRc=
github.com/actgardner/gogen-avro/v10 v10.2.1 h1:z3pOGblRjAJCYpkIJ8CmbMJdksi4rAhaygw0dyXZ930=
github.com/actgardner/gogen-avro/v10 v10.2.1/go.mod h1:QUhjeHPchheYmMDni/Nx7VB0RsT/ee8YIgGY/xpEQgQ=
github.com/bufbuild/protocompile v0.14.0 h1:z3DW4IvXE5G/uTOnSQn+qwQQxvhckkTWLS/0No/o7KU=
github.com/bufbuild/protocompile v0.14.0/go.mod h1:N6J1NYzkspJo3ZwyL4Xjvli86XOj1xq4qAasUFxGups=
github.com/confluentinc/confluent-kafka-go/v2 v2.4.0 h1:NbOku86JJlsRJPJKE0snNsz6D1Qr4j5VR/lticrLZrY=
github.com/confluentinc/confluent-kafka-go/v2 v2.4.0/go.mod h1:E1dEQy50ZLfqs7T9luxz0rLxaeFZJZE92XvApJOr/Rk=
github.com/davecgh/go-spew v1.1.1 h1:vj9j/u1bqnvCEfJOwUhtlOARqs3+rkHYY13jYWTU97c=
github.com/davecgh/go-spew v1.1.1/go.mod h1:J7Y8YcW2NihsgmVo/mv3lAwl/skON4iLHjSsI+c5H38=
github.com/golang/protobuf v1.5.4 h1:i7eJL8qZTpSEXOPTxNKhASYpMn+8e5Q6AdndVa1dWek=
github.com/golang/protobuf v1.5.4/go.mod h1:lnTiLA8Wa4RWRcIUkrtSVa5nRhsEGBg48fD6rSs7xps=
github.com/google/go-cmp v0.6.0 h1:ofyhxvXcZhMsU5ulbFiLKl/XBFqE1GSq7atu8tAmTRI=
github.com/google/go-cmp v0.6.0/go.mod h1:17dUlkBOakJ0+DkrSSNjCkIjxS6bF9zb3elmeNGIjoY=
github.com/jhump/protoreflect v1.16.0 h1:54fZg+49widqXYQ0b+usAFHbMkBGR4PpXrsHc8+TBDg=
github.com/jhump/protoreflect v1.16.0/go.mod h1:oYPd7nPvcBw/5wlDfm/AVmU9zH9BgqGCI469pGxfj/8=
github.com/klauspost/compress v1.17.8 h1:YcnTYrq7MikUT7k0Yb5eceMmALQPYBW/Xltxn0NAMnU=
github.com/klauspost/compress v1.17.8/go.mod h1:Di0epgTjJY877eYKx5yC51cX2A2Vl2ibi7bDH9ttBbw=
github.com/pierrec/lz4/v4 v4.1.21 h1:yOVMLb6qSIDP67pl/5F7RepeKYu/VmTyEXvuMI5d9mQ=
github.com/pierrec/lz4/v4 v4.1.21/go.mod h1:gZWDp/Ze/IJXGXf23ltt2EXimqmTUXEy0GFuRQyBid4=
github.com/pmezard/go-difflib v1.0.0 h1:4DBwDE0NGyQoBHbLQYPwSUPoCMWR5BEzIk/f1lZbAQM=
github.com/pmezard/go-difflib v1.0.0/go.mod h1:iKH77koFhYxTK1pcRnkKkqfTogsbg7gZNVY4sRDYZ/4=
github.com/spf13/pflag v1.0.5 h1:iy+VFUOCP1a+8yFto/drg2CJ5u0yRoB7fZw3DKv/JXA=
github.com/spf13/pflag v1.0.5/go.mod h1:McXfInJRrz4CZXVZOBLb0bTZqETkiAhM9Iw0y3An2Bg=
github.com/stretchr/testify v1.9.0 h1:HtqpIVDClZ4nwg75+f6Lvsy/wHu+3BoSGCbBAcpTsTg=
github.com/stretchr/testify v1.9.0/go.mod h1:r2ic/lqez/lEtzL7wO/rwa5dbSLXVDPFyf8C91i36aY=
github.com/twmb/franz-go v1.17.0 h1:hawgCx5ejDHkLe6IwAtFWwxi3OU4OztSTl7ZV5rwkYk=
github.com/twmb/franz-go v1.17.0/go.mod h1:NreRdJ2F7dziDY/m6VyspWd6sNxHKXdMZI42UfQ3GXM=
github.com/twmb/franz-go/pkg/kmsg v1.8.0 h1:lAQB9Z3aMrIP9qF9288XcFf/ccaSxEitNA1CDTEIeTA=
github.com/twmb/franz-go/pkg/kmsg v1.8.0/go.mod h1:HzYEb8G3uu5XevZbtU0dVbkphaKTHk0X68N5ka4q6mU=
golang.org/x/crypto v0.23.0 h1:dIJU/v2J8Mdglj/8rJ6UUOM3Zc9zLZxVZwwxMooUSAI=
golang.org/x/crypto v0.23.0/go.mod h1:CKFgDieR+mRhux2Lsu27y0fO304Db0wZe70UKqHu0v8=
golang.org/x/net v0.26.0 h1:soB7SVo0PWrY4vPW/+ay0jKDNScG2X9wFeYlXIvJsOQ=
golang.org/x/net v0.26.0/go.mod h1:5YKkiSynbBIh3p6iOc/vibscux0x38BZDkn8sCUPxHE=
golang.org/x/sync v0.7.0 h1:YsImfSBoP9QPYL0xyKJPq0gcaJdG3rInoqxTWbfQu9M=
golang.org/x/sync v0.7.0/go.mod h1:Czt+wKu1gCyEFDUtn0jG5QVvpJ6rzVqr5aXyt9drQfk=
golang.org/x/sys v0.21.0 h1:rF+pYz3DAGSQAxAu1CbC7catZg4ebC4UIeIhKxBZvws=
golang.org/x/sys v0.21.0/go.mod h1:/VUhepiaJMQUp4+oa/7Zr1D23ma6VTLIYjOOTFZPUcA=
golang.org/x/text v0.16.0 h1:a94ExnEXNtEwYLGJSIUxnWoxoRz/ZcCsV63ROupILh4=
golang.org/x/text v0.16.0/go.mod h1:GhwF1Be+LQoKShO3cGOHzqOgRrGaYc9AvblQOmPVHnI=
google.golang.org/genproto v0.0.0-20240701130421-f6361c86f094 h1:6whtk83KtD3FkGrVb2hFXuQ+ZMbCNdakARIn/aHMmG8=
google.golang.org/genproto v0.0.0-20240701130421-f6361c86f094/go.mod h1:Zs4wYw8z1zr6RNF4cwYb31mvN/EGaKAdQjNCF3DW6K4=
google.golang.org/genproto/googleapis/rpc v0.0.0-20240624140628-dc46fd24d27d h1:k3zyW3BYYR30e8v3x0bTDdE9vpYFjZHK+HcyqkrppWk=
google.golang.org/genproto/googleapis/rpc v0.0.0-20240624140628-dc46fd24d27d/go.mod h1:Ue6ibwXGpU+dqIcODieyLOcgj7z8+IcskoNIgZxtrFY=
google.golang.org/grpc v1.64.0 h1:KH3VH9y/MgNQg1dE7b3XfVK0GsPSIzJwdF617gUSbvY=
google.golang.org/grpc v1.64.0/go.mod h1:oxjF8E3FBnjp+/gVFYdWacaLDx9na1aqy9oovLpxQYg=
google.golang.org/protobuf v1.34.2 h1:6xV6lTsCfpGD21XK49h7MhtcApnLqkfYgPcdHftf6hg=
google.golang.org/protobuf v1.34.2/go.mod h1:qYOHts0dSfpeUzUFpOMr/WGzszTmLH+DiWniOlNbLDw=
gopkg.in/yaml.v3 v3.0.1 h1:fxVm/GzAzEWqLHuvctI91KS9hhNmmWOoWu0XTYJS7CA=
gopkg.in/yaml.v3 v3.0.1/go.mod h1:K4uyk7z7BCEPqu6E+C64Yfv1cQ7kz7rIZviUmN+EgEM=
